
Microsoft Visual Studio Solution File, Format Version 12.00
# Visual Studio Version 17
VisualStudioVersion = 17.14.36603.0 d17.14
MinimumVisualStudioVersion = 10.0.40219.1
Project("{FAE04EC0-301F-11D3-BF4B-00C04F79EFBC}") = "PetReplace", "PetReplace.csproj", "{9811C3AB-E498-5115-BB87-16BDCEF7882E}"
EndProject
Global
	GlobalSection(SolutionConfigurationPlatforms) = preSolution
		Debug|Any CPU = Debug|Any CPU
		Release|Any CPU = Release|Any CPU
	EndGlobalSection
	GlobalSection(ProjectConfigurationPlatforms) = postSolution
		{9811C3AB-E498-5115-BB87-16BDCEF7882E}.Debug|Any CPU.ActiveCfg = Debug|Any CPU
		{9811C3AB-E498-5115-BB87-16BDCEF7882E}.Debug|Any CPU.Build.0 = Debug|Any CPU
		{9811C3AB-E498-5115-BB87-16BDCEF7882E}.Release|Any CPU.ActiveCfg = Release|Any CPU
		{9811C3AB-E498-5115-BB87-16BDCEF7882E}.Release|Any CPU.Build.0 = Release|Any CPU
	EndGlobalSection
	GlobalSection(SolutionProperties) = preSolution
		HideSolutionNode = FALSE
	EndGlobalSection
	GlobalSection(ExtensibilityGlobals) = postSolution
		SolutionGuid = {54B907C0-7AF4-49DE-9490-EFC7BE66BB31}
	EndGlobalSection
EndGlobal
